
Microsoft Visual Studio Solution File, Format Version 12.00
# Visual Studio Version 17
VisualStudioVersion = 17.5.33530.505
MinimumVisualStudioVersion = 10.0.40219.1
Project("{FAE04EC0-301F-11D3-BF4B-00C04F79EFBC}") = "Ponvaljanje4Dzad7", "Ponvaljanje4Dzad7\Ponvaljanje4Dzad7.csproj", "{4A183CAC-BA80-4857-A6BF-F5C0B6121774}"
EndProject
Global
	GlobalSection(SolutionConfigurationPlatforms) = preSolution
		Debug|Any CPU = Debug|Any CPU
		Release|Any CPU = Release|Any CPU
	EndGlobalSection
	GlobalSection(ProjectConfigurationPlatforms) = postSolution
		{4A183CAC-BA80-4857-A6BF-F5C0B6121774}.Debug|Any CPU.ActiveCfg = Debug|Any CPU
		{4A183CAC-BA80-4857-A6BF-F5C0B6121774}.Debug|Any CPU.Build.0 = Debug|Any CPU
		{4A183CAC-BA80-4857-A6BF-F5C0B6121774}.Release|Any CPU.ActiveCfg = Release|Any CPU
		{4A183CAC-BA80-4857-A6BF-F5C0B6121774}.Release|Any CPU.Build.0 = Release|Any CPU
	EndGlobalSection
	GlobalSection(SolutionProperties) = preSolution
		HideSolutionNode = FALSE
	EndGlobalSection
	GlobalSection(ExtensibilityGlobals) = postSolution
		SolutionGuid = {682E1890-F0E6-4025-939E-2AE3594CAA65}
	EndGlobalSection
EndGlobal
